// !$*UTF8*$!
{
	archiveVersion = 1;
	classes = {
	};
	objectVersion = 46;
	objects = {

/* Begin PBXBuildFile section */
		860B8E4B172ECAA1008C95DB /* AddNewOrderViewController.m in Sources */ = {isa = PBXBuildFile; fileRef = 860B8E4A172ECAA1008C95DB /* AddNewOrderViewController.m */; };
		860B8E4E172EE010008C95DB /* NewOrderCell.m in Sources */ = {isa = PBXBuildFile; fileRef = 860B8E4D172EE010008C95DB /* NewOrderCell.m */; };
		86110CC41730FC72006F965F /* CollapseClick.m in Sources */ = {isa = PBXBuildFile; fileRef = 86110CBE1730FC72006F965F /* CollapseClick.m */; };
		86110CC51730FC72006F965F /* CollapseClickArrow.m in Sources */ = {isa = PBXBuildFile; fileRef = 86110CC01730FC72006F965F /* CollapseClickArrow.m */; };
		86110CC61730FC72006F965F /* CollapseClickCell.m in Sources */ = {isa = PBXBuildFile; fileRef = 86110CC21730FC72006F965F /* CollapseClickCell.m */; };
		86110CC71730FC72006F965F /* CollapseClickCell.xib in Resources */ = {isa = PBXBuildFile; fileRef = 86110CC31730FC72006F965F /* CollapseClickCell.xib */; };
		86110CCA173103AA006F965F /* CartViewController.m in Sources */ = {isa = PBXBuildFile; fileRef = 86110CC9173103AA006F965F /* CartViewController.m */; };
		86110CCD173128D5006F965F /* Cart.m in Sources */ = {isa = PBXBuildFile; fileRef = 86110CCC173128D5006F965F /* Cart.m */; };
		861FF24D171B25DD009EF3EF /* OldOrnamentCalcViewController.m in Sources */ = {isa = PBXBuildFile; fileRef = 861FF24B171B25DD009EF3EF /* OldOrnamentCalcViewController.m */; };
		869CA11F171B1F990008E21A /* CustomCalcViewController.m in Sources */ = {isa = PBXBuildFile; fileRef = 86F9E356171A8B33008F5AD1 /* CustomCalcViewController.m */; };
		869CA120171B1F990008E21A /* WelcomeScreenViewController.m in Sources */ = {isa = PBXBuildFile; fileRef = 86F9E351171A893B008F5AD1 /* WelcomeScreenViewController.m */; };
		86A74F00172BB35300304F2C /* BusinessHelperModel.xcdatamodeld in Sources */ = {isa = PBXBuildFile; fileRef = 86A74EFE172BB35300304F2C /* BusinessHelperModel.xcdatamodeld */; };
		86A74F03172BB3F800304F2C /* OrderList.m in Sources */ = {isa = PBXBuildFile; fileRef = 86A74F02172BB3F800304F2C /* OrderList.m */; };
		86A74F06172BB3F900304F2C /* OrderDetail.m in Sources */ = {isa = PBXBuildFile; fileRef = 86A74F05172BB3F900304F2C /* OrderDetail.m */; };
		86A74F09172BBA9500304F2C /* OrderListTableViewController.m in Sources */ = {isa = PBXBuildFile; fileRef = 86A74F08172BBA9400304F2C /* OrderListTableViewController.m */; };
		86A74F0C172BBAD400304F2C /* OrderListCell.m in Sources */ = {isa = PBXBuildFile; fileRef = 86A74F0B172BBAD400304F2C /* OrderListCell.m */; };
		86AAADE31723D09500701AEF /* MainStoryboard-iPhone.storyboard in Resources */ = {isa = PBXBuildFile; fileRef = 86AAADE21723D09500701AEF /* MainStoryboard-iPhone.storyboard */; };
		86F9E32F171A88A4008F5AD1 /* UIKit.framework in Frameworks */ = {isa = PBXBuildFile; fileRef = 86F9E32E171A88A4008F5AD1 /* UIKit.framework */; };
		86F9E331171A88A4008F5AD1 /* Foundation.framework in Frameworks */ = {isa = PBXBuildFile; fileRef = 86F9E330171A88A4008F5AD1 /* Foundation.framework */; };
		86F9E333171A88A4008F5AD1 /* CoreGraphics.framework in Frameworks */ = {isa = PBXBuildFile; fileRef = 86F9E332171A88A4008F5AD1 /* CoreGraphics.framework */; };
		86F9E335171A88A4008F5AD1 /* CoreData.framework in Frameworks */ = {isa = PBXBuildFile; fileRef = 86F9E334171A88A4008F5AD1 /* CoreData.framework */; };
		86F9E33B171A88A4008F5AD1 /* InfoPlist.strings in Resources */ = {isa = PBXBuildFile; fileRef = 86F9E339171A88A4008F5AD1 /* InfoPlist.strings */; };
		86F9E33D171A88A4008F5AD1 /* main.m in Sources */ = {isa = PBXBuildFile; fileRef = 86F9E33C171A88A4008F5AD1 /* main.m */; };
		86F9E341171A88A4008F5AD1 /* AppDelegate.m in Sources */ = {isa = PBXBuildFile; fileRef = 86F9E340171A88A4008F5AD1 /* AppDelegate.m */; };
		86F9E343171A88A4008F5AD1 /* Default.png in Resources */ = {isa = PBXBuildFile; fileRef = 86F9E342171A88A4008F5AD1 /* Default.png */; };
		86F9E345171A88A4008F5AD1 /* Default@2x.png in Resources */ = {isa = PBXBuildFile; fileRef = 86F9E344171A88A4008F5AD1 /* Default@2x.png */; };
		86F9E347171A88A4008F5AD1 /* Default-568h@2x.png in Resources */ = {isa = PBXBuildFile; fileRef = 86F9E346171A88A4008F5AD1 /* Default-568h@2x.png */; };
/* End PBXBuildFile section */

/* Begin PBXFileReference section */
		860B8E49172ECAA1008C95DB /* AddNewOrderViewController.h */ = {isa = PBXFileReference; fileEncoding = 4; lastKnownFileType = sourcecode.c.h; path = AddNewOrderViewController.h; sourceTree = "<group>"; };
		860B8E4A172ECAA1008C95DB /* AddNewOrderViewController.m */ = {isa = PBXFileReference; fileEncoding = 4; lastKnownFileType = sourcecode.c.objc; path = AddNewOrderViewController.m; sourceTree = "<group>"; };
		860B8E4C172EE010008C95DB /* NewOrderCell.h */ = {isa = PBXFileReference; fileEncoding = 4; lastKnownFileType = sourcecode.c.h; path = NewOrderCell.h; sourceTree = "<group>"; };
		860B8E4D172EE010008C95DB /* NewOrderCell.m */ = {isa = PBXFileReference; fileEncoding = 4; lastKnownFileType = sourcecode.c.objc; path = NewOrderCell.m; sourceTree = "<group>"; };
		86110CBD1730FC72006F965F /* CollapseClick.h */ = {isa = PBXFileReference; fileEncoding = 4; lastKnownFileType = sourcecode.c.h; path = CollapseClick.h; sourceTree = "<group>"; };
		86110CBE1730FC72006F965F /* CollapseClick.m */ = {isa = PBXFileReference; fileEncoding = 4; lastKnownFileType = sourcecode.c.objc; path = CollapseClick.m; sourceTree = "<group>"; };
		86110CBF1730FC72006F965F /* CollapseClickArrow.h */ = {isa = PBXFileReference; fileEncoding = 4; lastKnownFileType = sourcecode.c.h; path = CollapseClickArrow.h; sourceTree = "<group>"; };
		86110CC01730FC72006F965F /* CollapseClickArrow.m */ = {isa = PBXFileReference; fileEncoding = 4; lastKnownFileType = sourcecode.c.objc; path = CollapseClickArrow.m; sourceTree = "<group>"; };
		86110CC11730FC72006F965F /* CollapseClickCell.h */ = {isa = PBXFileReference; fileEncoding = 4; lastKnownFileType = sourcecode.c.h; path = CollapseClickCell.h; sourceTree = "<group>"; };
		86110CC21730FC72006F965F /* CollapseClickCell.m */ = {isa = PBXFileReference; fileEncoding = 4; lastKnownFileType = sourcecode.c.objc; path = CollapseClickCell.m; sourceTree = "<group>"; };
		86110CC31730FC72006F965F /* CollapseClickCell.xib */ = {isa = PBXFileReference; fileEncoding = 4; lastKnownFileType = file.xib; path = CollapseClickCell.xib; sourceTree = "<group>"; };
		86110CC8173103AA006F965F /* CartViewController.h */ = {isa = PBXFileReference; fileEncoding = 4; lastKnownFileType = sourcecode.c.h; path = CartViewController.h; sourceTree = "<group>"; };
		86110CC9173103AA006F965F /* CartViewController.m */ = {isa = PBXFileReference; fileEncoding = 4; lastKnownFileType = sourcecode.c.objc; path = CartViewController.m; sourceTree = "<group>"; };
		86110CCB173128D5006F965F /* Cart.h */ = {isa = PBXFileReference; fileEncoding = 4; lastKnownFileType = sourcecode.c.h; path = Cart.h; sourceTree = "<group>"; };
		86110CCC173128D5006F965F /* Cart.m */ = {isa = PBXFileReference; fileEncoding = 4; lastKnownFileType = sourcecode.c.objc; path = Cart.m; sourceTree = "<group>"; };
		861FF24A171B25DD009EF3EF /* OldOrnamentCalcViewController.h */ = {isa = PBXFileReference; fileEncoding = 4; lastKnownFileType = sourcecode.c.h; path = OldOrnamentCalcViewController.h; sourceTree = "<group>"; };
		861FF24B171B25DD009EF3EF /* OldOrnamentCalcViewController.m */ = {isa = PBXFileReference; fileEncoding = 4; lastKnownFileType = sourcecode.c.objc; path = OldOrnamentCalcViewController.m; sourceTree = "<group>"; };
		86A74EFF172BB35300304F2C /* BusinessHelperModel.xcdatamodel */ = {isa = PBXFileReference; lastKnownFileType = wrapper.xcdatamodel; path = BusinessHelperModel.xcdatamodel; sourceTree = "<group>"; };
		86A74F01172BB3F800304F2C /* OrderList.h */ = {isa = PBXFileReference; fileEncoding = 4; lastKnownFileType = sourcecode.c.h; path = OrderList.h; sourceTree = "<group>"; };
		86A74F02172BB3F800304F2C /* OrderList.m */ = {isa = PBXFileReference; fileEncoding = 4; lastKnownFileType = sourcecode.c.objc; path = OrderList.m; sourceTree = "<group>"; };
		86A74F04172BB3F900304F2C /* OrderDetail.h */ = {isa = PBXFileReference; fileEncoding = 4; lastKnownFileType = sourcecode.c.h; path = OrderDetail.h; sourceTree = "<group>"; };
		86A74F05172BB3F900304F2C /* OrderDetail.m */ = {isa = PBXFileReference; fileEncoding = 4; lastKnownFileType = sourcecode.c.objc; path = OrderDetail.m; sourceTree = "<group>"; };
		86A74F07172BBA9400304F2C /* OrderListTableViewController.h */ = {isa = PBXFileReference; fileEncoding = 4; lastKnownFileType = sourcecode.c.h; path = OrderListTableViewController.h; sourceTree = "<group>"; };
		86A74F08172BBA9400304F2C /* OrderListTableViewController.m */ = {isa = PBXFileReference; fileEncoding = 4; lastKnownFileType = sourcecode.c.objc; path = OrderListTableViewController.m; sourceTree = "<group>"; };
		86A74F0A172BBAD400304F2C /* OrderListCell.h */ = {isa = PBXFileReference; fileEncoding = 4; lastKnownFileType = sourcecode.c.h; path = OrderListCell.h; sourceTree = "<group>"; };
		86A74F0B172BBAD400304F2C /* OrderListCell.m */ = {isa = PBXFileReference; fileEncoding = 4; lastKnownFileType = sourcecode.c.objc; path = OrderListCell.m; sourceTree = "<group>"; };
		86AAADE21723D09500701AEF /* MainStoryboard-iPhone.storyboard */ = {isa = PBXFileReference; fileEncoding = 4; lastKnownFileType = file.storyboard; path = "MainStoryboard-iPhone.storyboard"; sourceTree = "<group>"; };
		86F9E32B171A88A4008F5AD1 /* BusinessHelper.app */ = {isa = PBXFileReference; explicitFileType = wrapper.application; includeInIndex = 0; path = BusinessHelper.app; sourceTree = BUILT_PRODUCTS_DIR; };
		86F9E32E171A88A4008F5AD1 /* UIKit.framework */ = {isa = PBXFileReference; lastKnownFileType = wrapper.framework; name = UIKit.framework; path = System/Library/Frameworks/UIKit.framework; sourceTree = SDKROOT; };
		86F9E330171A88A4008F5AD1 /* Foundation.framework */ = {isa = PBXFileReference; lastKnownFileType = wrapper.framework; name = Foundation.framework; path = System/Library/Frameworks/Foundation.framework; sourceTree = SDKROOT; };
		86F9E332171A88A4008F5AD1 /* CoreGraphics.framework */ = {isa = PBXFileReference; lastKnownFileType = wrapper.framework; name = CoreGraphics.framework; path = System/Library/Frameworks/CoreGraphics.framework; sourceTree = SDKROOT; };
		86F9E334171A88A4008F5AD1 /* CoreData.framework */ = {isa = PBXFileReference; lastKnownFileType = wrapper.framework; name = CoreData.framework; path = System/Library/Frameworks/CoreData.framework; sourceTree = SDKROOT; };
		86F9E338171A88A4008F5AD1 /* BusinessHelper-Info.plist */ = {isa = PBXFileReference; lastKnownFileType = text.plist.xml; path = "BusinessHelper-Info.plist"; sourceTree = "<group>"; };
		86F9E33A171A88A4008F5AD1 /* en */ = {isa = PBXFileReference; lastKnownFileType = text.plist.strings; name = en; path = en.lproj/InfoPlist.strings; sourceTree = "<group>"; };
		86F9E33C171A88A4008F5AD1 /* main.m */ = {isa = PBXFileReference; lastKnownFileType = sourcecode.c.objc; path = main.m; sourceTree = "<group>"; };
		86F9E33E171A88A4008F5AD1 /* BusinessHelper-Prefix.pch */ = {isa = PBXFileReference; lastKnownFileType = sourcecode.c.h; path = "BusinessHelper-Prefix.pch"; sourceTree = "<group>"; };
		86F9E33F171A88A4008F5AD1 /* AppDelegate.h */ = {isa = PBXFileReference; lastKnownFileType = sourcecode.c.h; path = AppDelegate.h; sourceTree = "<group>"; };
		86F9E340171A88A4008F5AD1 /* AppDelegate.m */ = {isa = PBXFileReference; lastKnownFileType = sourcecode.c.objc; path = AppDelegate.m; sourceTree = "<group>"; };
		86F9E342171A88A4008F5AD1 /* Default.png */ = {isa = PBXFileReference; lastKnownFileType = image.png; path = Default.png; sourceTree = "<group>"; };
		86F9E344171A88A4008F5AD1 /* Default@2x.png */ = {isa = PBXFileReference; lastKnownFileType = image.png; path = "Default@2x.png"; sourceTree = "<group>"; };
		86F9E346171A88A4008F5AD1 /* Default-568h@2x.png */ = {isa = PBXFileReference; lastKnownFileType = image.png; path = "Default-568h@2x.png"; sourceTree = "<group>"; };
		86F9E350171A893B008F5AD1 /* WelcomeScreenViewController.h */ = {isa = PBXFileReference; fileEncoding = 4; lastKnownFileType = sourcecode.c.h; path = WelcomeScreenViewController.h; sourceTree = "<group>"; };
		86F9E351171A893B008F5AD1 /* WelcomeScreenViewController.m */ = {isa = PBXFileReference; fileEncoding = 4; lastKnownFileType = sourcecode.c.objc; path = WelcomeScreenViewController.m; sourceTree = "<group>"; };
		86F9E355171A8B33008F5AD1 /* CustomCalcViewController.h */ = {isa = PBXFileReference; fileEncoding = 4; lastKnownFileType = sourcecode.c.h; path = CustomCalcViewController.h; sourceTree = "<group>"; };
		86F9E356171A8B33008F5AD1 /* CustomCalcViewController.m */ = {isa = PBXFileReference; fileEncoding = 4; lastKnownFileType = sourcecode.c.objc; path = CustomCalcViewController.m; sourceTree = "<group>"; };
/* End PBXFileReference section */

/* Begin PBXFrameworksBuildPhase section */
		86F9E328171A88A4008F5AD1 /* Frameworks */ = {
			isa = PBXFrameworksBuildPhase;
			buildActionMask = 2147483647;
			files = (
				86F9E32F171A88A4008F5AD1 /* UIKit.framework in Frameworks */,
				86F9E331171A88A4008F5AD1 /* Foundation.framework in Frameworks */,
				86F9E333171A88A4008F5AD1 /* CoreGraphics.framework in Frameworks */,
				86F9E335171A88A4008F5AD1 /* CoreData.framework in Frameworks */,
			);
			runOnlyForDeploymentPostprocessing = 0;
		};
/* End PBXFrameworksBuildPhase section */

/* Begin PBXGroup section */
		86110CBC1730FC72006F965F /* CollapseClick */ = {
			isa = PBXGroup;
			children = (
				86110CBD1730FC72006F965F /* CollapseClick.h */,
				86110CBE1730FC72006F965F /* CollapseClick.m */,
				86110CBF1730FC72006F965F /* CollapseClickArrow.h */,
				86110CC01730FC72006F965F /* CollapseClickArrow.m */,
				86110CC11730FC72006F965F /* CollapseClickCell.h */,
				86110CC21730FC72006F965F /* CollapseClickCell.m */,
				86110CC31730FC72006F965F /* CollapseClickCell.xib */,
			);
			path = CollapseClick;
			sourceTree = "<group>";
		};
		86F9E322171A88A4008F5AD1 = {
			isa = PBXGroup;
			children = (
				86110CCB173128D5006F965F /* Cart.h */,
				86110CCC173128D5006F965F /* Cart.m */,
				86110CC8173103AA006F965F /* CartViewController.h */,
				86110CC9173103AA006F965F /* CartViewController.m */,
				86110CBC1730FC72006F965F /* CollapseClick */,
				860B8E4C172EE010008C95DB /* NewOrderCell.h */,
				860B8E4D172EE010008C95DB /* NewOrderCell.m */,
				860B8E49172ECAA1008C95DB /* AddNewOrderViewController.h */,
				860B8E4A172ECAA1008C95DB /* AddNewOrderViewController.m */,
				86A74F0A172BBAD400304F2C /* OrderListCell.h */,
				86A74F0B172BBAD400304F2C /* OrderListCell.m */,
				86A74F07172BBA9400304F2C /* OrderListTableViewController.h */,
				86A74F08172BBA9400304F2C /* OrderListTableViewController.m */,
				86A74F04172BB3F900304F2C /* OrderDetail.h */,
				86A74F05172BB3F900304F2C /* OrderDetail.m */,
				86A74F01172BB3F800304F2C /* OrderList.h */,
				86A74F02172BB3F800304F2C /* OrderList.m */,
				86AAADE21723D09500701AEF /* MainStoryboard-iPhone.storyboard */,
				861FF24A171B25DD009EF3EF /* OldOrnamentCalcViewController.h */,
				861FF24B171B25DD009EF3EF /* OldOrnamentCalcViewController.m */,
				86F9E355171A8B33008F5AD1 /* CustomCalcViewController.h */,
				86F9E356171A8B33008F5AD1 /* CustomCalcViewController.m */,
				86F9E350171A893B008F5AD1 /* WelcomeScreenViewController.h */,
				86F9E351171A893B008F5AD1 /* WelcomeScreenViewController.m */,
				86A74EFE172BB35300304F2C /* BusinessHelperModel.xcdatamodeld */,
				86F9E336171A88A4008F5AD1 /* BusinessHelper */,
				86F9E32D171A88A4008F5AD1 /* Frameworks */,
				86F9E32C171A88A4008F5AD1 /* Products */,
			);
			sourceTree = "<group>";
		};
		86F9E32C171A88A4008F5AD1 /* Products */ = {
			isa = PBXGroup;
			children = (
				86F9E32B171A88A4008F5AD1 /* BusinessHelper.app */,
			);
			name = Products;
			sourceTree = "<group>";
		};
		86F9E32D171A88A4008F5AD1 /* Frameworks */ = {
			isa = PBXGroup;
			children = (
				86F9E32E171A88A4008F5AD1 /* UIKit.framework */,
				86F9E330171A88A4008F5AD1 /* Foundation.framework */,
				86F9E332171A88A4008F5AD1 /* CoreGraphics.framework */,
				86F9E334171A88A4008F5AD1 /* CoreData.framework */,
			);
			name = Frameworks;
			sourceTree = "<group>";
		};
		86F9E336171A88A4008F5AD1 /* BusinessHelper */ = {
			isa = PBXGroup;
			children = (
				86F9E33F171A88A4008F5AD1 /* AppDelegate.h */,
				86F9E340171A88A4008F5AD1 /* AppDelegate.m */,
				86F9E337171A88A4008F5AD1 /* Supporting Files */,
			);
			path = BusinessHelper;
			sourceTree = "<group>";
		};
		86F9E337171A88A4008F5AD1 /* Supporting Files */ = {
			isa = PBXGroup;
			children = (
				86F9E338171A88A4008F5AD1 /* BusinessHelper-Info.plist */,
				86F9E339171A88A4008F5AD1 /* InfoPlist.strings */,
				86F9E33C171A88A4008F5AD1 /* main.m */,
				86F9E33E171A88A4008F5AD1 /* BusinessHelper-Prefix.pch */,
				86F9E342171A88A4008F5AD1 /* Default.png */,
				86F9E344171A88A4008F5AD1 /* Default@2x.png */,
				86F9E346171A88A4008F5AD1 /* Default-568h@2x.png */,
			);
			name = "Supporting Files";
			sourceTree = "<group>";
		};
/* End PBXGroup section */

/* Begin PBXNativeTarget section */
		86F9E32A171A88A4008F5AD1 /* BusinessHelper */ = {
			isa = PBXNativeTarget;
			buildConfigurationList = 86F9E34D171A88A4008F5AD1 /* Build configuration list for PBXNativeTarget "BusinessHelper" */;
			buildPhases = (
				86F9E327171A88A4008F5AD1 /* Sources */,
				86F9E328171A88A4008F5AD1 /* Frameworks */,
				86F9E329171A88A4008F5AD1 /* Resources */,
			);
			buildRules = (
			);
			dependencies = (
			);
			name = BusinessHelper;
			productName = BusinessHelper;
			productReference = 86F9E32B171A88A4008F5AD1 /* BusinessHelper.app */;
			productType = "com.apple.product-type.application";
		};
/* End PBXNativeTarget section */

/* Begin PBXProject section */
		86F9E323171A88A4008F5AD1 /* Project object */ = {
			isa = PBXProject;
			attributes = {
				LastUpgradeCheck = 0460;
				ORGANIZATIONNAME = "Vishal Dharmawat";
			};
			buildConfigurationList = 86F9E326171A88A4008F5AD1 /* Build configuration list for PBXProject "BusinessHelper" */;
			compatibilityVersion = "Xcode 3.2";
			developmentRegion = English;
			hasScannedForEncodings = 0;
			knownRegions = (
				en,
			);
			mainGroup = 86F9E322171A88A4008F5AD1;
			productRefGroup = 86F9E32C171A88A4008F5AD1 /* Products */;
			projectDirPath = "";
			projectRoot = "";
			targets = (
				86F9E32A171A88A4008F5AD1 /* BusinessHelper */,
			);
		};
/* End PBXProject section */

/* Begin PBXResourcesBuildPhase section */
		86F9E329171A88A4008F5AD1 /* Resources */ = {
			isa = PBXResourcesBuildPhase;
			buildActionMask = 2147483647;
			files = (
				86F9E33B171A88A4008F5AD1 /* InfoPlist.strings in Resources */,
				86F9E343171A88A4008F5AD1 /* Default.png in Resources */,
				86F9E345171A88A4008F5AD1 /* Default@2x.png in Resources */,
				86F9E347171A88A4008F5AD1 /* Default-568h@2x.png in Resources */,
				86AAADE31723D09500701AEF /* MainStoryboard-iPhone.storyboard in Resources */,
				86110CC71730FC72006F965F /* CollapseClickCell.xib in Resources */,
			);
			runOnlyForDeploymentPostprocessing = 0;
		};
/* End PBXResourcesBuildPhase section */

/* Begin PBXSourcesBuildPhase section */
		86F9E327171A88A4008F5AD1 /* Sources */ = {
			isa = PBXSourcesBuildPhase;
			buildActionMask = 2147483647;
			files = (
				869CA11F171B1F990008E21A /* CustomCalcViewController.m in Sources */,
				869CA120171B1F990008E21A /* WelcomeScreenViewController.m in Sources */,
				86F9E33D171A88A4008F5AD1 /* main.m in Sources */,
				86F9E341171A88A4008F5AD1 /* AppDelegate.m in Sources */,
				861FF24D171B25DD009EF3EF /* OldOrnamentCalcViewController.m in Sources */,
				86A74F00172BB35300304F2C /* BusinessHelperModel.xcdatamodeld in Sources */,
				86A74F03172BB3F800304F2C /* OrderList.m in Sources */,
				86A74F06172BB3F900304F2C /* OrderDetail.m in Sources */,
				86A74F09172BBA9500304F2C /* OrderListTableViewController.m in Sources */,
				86A74F0C172BBAD400304F2C /* OrderListCell.m in Sources */,
				860B8E4B172ECAA1008C95DB /* AddNewOrderViewController.m in Sources */,
				860B8E4E172EE010008C95DB /* NewOrderCell.m in Sources */,
				86110CC41730FC72006F965F /* CollapseClick.m in Sources */,
				86110CC51730FC72006F965F /* CollapseClickArrow.m in Sources */,
				86110CC61730FC72006F965F /* CollapseClickCell.m in Sources */,
				86110CCA173103AA006F965F /* CartViewController.m in Sources */,
				86110CCD173128D5006F965F /* Cart.m in Sources */,
			);
			runOnlyForDeploymentPostprocessing = 0;
		};
/* End PBXSourcesBuildPhase section */

/* Begin PBXVariantGroup section */
		86F9E339171A88A4008F5AD1 /* InfoPlist.strings */ = {
			isa = PBXVariantGroup;
			children = (
				86F9E33A171A88A4008F5AD1 /* en */,
			);
			name = InfoPlist.strings;
			sourceTree = "<group>";
		};
/* End PBXVariantGroup section */

/* Begin XCBuildConfiguration section */
		86F9E34B171A88A4008F5AD1 /* Debug */ = {
			isa = XCBuildConfiguration;
			buildSettings = {
				ALWAYS_SEARCH_USER_PATHS = NO;
				CLANG_CXX_LANGUAGE_STANDARD = "gnu++0x";
				CLANG_CXX_LIBRARY = "libc++";
				CLANG_ENABLE_OBJC_ARC = YES;
				CLANG_WARN_CONSTANT_CONVERSION = YES;
				CLANG_WARN_EMPTY_BODY = YES;
				CLANG_WARN_ENUM_CONVERSION = YES;
				CLANG_WARN_INT_CONVERSION = YES;
				CLANG_WARN__DUPLICATE_METHOD_MATCH = YES;
				"CODE_SIGN_IDENTITY[sdk=iphoneos*]" = "iPhone Developer";
				COPY_PHASE_STRIP = NO;
				GCC_C_LANGUAGE_STANDARD = gnu99;
				GCC_DYNAMIC_NO_PIC = NO;
				GCC_OPTIMIZATION_LEVEL = 0;
				GCC_PREPROCESSOR_DEFINITIONS = (
					"DEBUG=1",
					"$(inherited)",
				);
				GCC_SYMBOLS_PRIVATE_EXTERN = NO;
				GCC_WARN_ABOUT_RETURN_TYPE = YES;
				GCC_WARN_UNINITIALIZED_AUTOS = YES;
				GCC_WARN_UNUSED_VARIABLE = YES;
				IPHONEOS_DEPLOYMENT_TARGET = 6.1;
				ONLY_ACTIVE_ARCH = YES;
				SDKROOT = iphoneos;
			};
			name = Debug;
		};
		86F9E34C171A88A4008F5AD1 /* Release */ = {
			isa = XCBuildConfiguration;
			buildSettings = {
				ALWAYS_SEARCH_USER_PATHS = NO;
				CLANG_CXX_LANGUAGE_STANDARD = "gnu++0x";
				CLANG_CXX_LIBRARY = "libc++";
				CLANG_ENABLE_OBJC_ARC = YES;
				CLANG_WARN_CONSTANT_CONVERSION = YES;
				CLANG_WARN_EMPTY_BODY = YES;
				CLANG_WARN_ENUM_CONVERSION = YES;
				CLANG_WARN_INT_CONVERSION = YES;
				CLANG_WARN__DUPLICATE_METHOD_MATCH = YES;
				"CODE_SIGN_IDENTITY[sdk=iphoneos*]" = "iPhone Developer";
				COPY_PHASE_STRIP = YES;
				GCC_C_LANGUAGE_STANDARD = gnu99;
				GCC_WARN_ABOUT_RETURN_TYPE = YES;
				GCC_WARN_UNINITIALIZED_AUTOS = YES;
				GCC_WARN_UNUSED_VARIABLE = YES;
				IPHONEOS_DEPLOYMENT_TARGET = 6.1;
				OTHER_CFLAGS = "-DNS_BLOCK_ASSERTIONS=1";
				SDKROOT = iphoneos;
				VALIDATE_PRODUCT = YES;
			};
			name = Release;
		};
		86F9E34E171A88A4008F5AD1 /* Debug */ = {
			isa = XCBuildConfiguration;
			buildSettings = {
				GCC_PRECOMPILE_PREFIX_HEADER = YES;
				GCC_PREFIX_HEADER = "BusinessHelper/BusinessHelper-Prefix.pch";
				INFOPLIST_FILE = "BusinessHelper/BusinessHelper-Info.plist";
				IPHONEOS_DEPLOYMENT_TARGET = 5.0;
				PRODUCT_NAME = "$(TARGET_NAME)";
				WRAPPER_EXTENSION = app;
			};
			name = Debug;
		};
		86F9E34F171A88A4008F5AD1 /* Release */ = {
			isa = XCBuildConfiguration;
			buildSettings = {
				GCC_PRECOMPILE_PREFIX_HEADER = YES;
				GCC_PREFIX_HEADER = "BusinessHelper/BusinessHelper-Prefix.pch";
				INFOPLIST_FILE = "BusinessHelper/BusinessHelper-Info.plist";
				IPHONEOS_DEPLOYMENT_TARGET = 5.0;
				PRODUCT_NAME = "$(TARGET_NAME)";
				WRAPPER_EXTENSION = app;
			};
			name = Release;
		};
/* End XCBuildConfiguration section */

/* Begin XCConfigurationList section */
		86F9E326171A88A4008F5AD1 /* Build configuration list for PBXProject "BusinessHelper" */ = {
			isa = XCConfigurationList;
			buildConfigurations = (
				86F9E34B171A88A4008F5AD1 /* Debug */,
				86F9E34C171A88A4008F5AD1 /* Release */,
			);
			defaultConfigurationIsVisible = 0;
			defaultConfigurationName = Release;
		};
		86F9E34D171A88A4008F5AD1 /* Build configuration list for PBXNativeTarget "BusinessHelper" */ = {
			isa = XCConfigurationList;
			buildConfigurations = (
				86F9E34E171A88A4008F5AD1 /* Debug */,
				86F9E34F171A88A4008F5AD1 /* Release */,
			);
			defaultConfigurationIsVisible = 0;
			defaultConfigurationName = Release;
		};
/* End XCConfigurationList section */

/* Begin XCVersionGroup section */
		86A74EFE172BB35300304F2C /* BusinessHelperModel.xcdatamodeld */ = {
			isa = XCVersionGroup;
			children = (
				86A74EFF172BB35300304F2C /* BusinessHelperModel.xcdatamodel */,
			);
			currentVersion = 86A74EFF172BB35300304F2C /* BusinessHelperModel.xcdatamodel */;
			path = BusinessHelperModel.xcdatamodeld;
			sourceTree = "<group>";
			versionGroupType = wrapper.xcdatamodel;
		};
/* End XCVersionGroup section */
	};
	rootObject = 86F9E323171A88A4008F5AD1 /* Project object */;
}
